
Microsoft Visual Studio Solution File, Format Version 12.00
# Visual Studio Version 17
VisualStudioVersion = 17.14.36511.14 d17.14
MinimumVisualStudioVersion = 10.0.40219.1
Project("{FAE04EC0-301F-11D3-BF4B-00C04F79EFBC}") = "Attendance.Presentation", "Attendance.Presentation\Attendance.Presentation.csproj", "{61CE128A-CA30-488F-ABE3-92273F2734A9}"
EndProject
Project("{FAE04EC0-301F-11D3-BF4B-00C04F79EFBC}") = "Attendance.Domain", "Attendance.Domain\Attendance.Domain.csproj", "{17A8315C-F34A-4262-88F9-894646EE006A}"
EndProject
Project("{FAE04EC0-301F-11D3-BF4B-00C04F79EFBC}") = "Attendance.Service", "Attendance.Service\Attendance.Service.csproj", "{A79B29F7-C93A-495C-B0E5-14D1260FA6BD}"
EndProject
Project("{FAE04EC0-301F-11D3-BF4B-00C04F79EFBC}") = "Attendance.Infrastructure", "Attendance.Infrastructure\Attendance.Infrastructure.csproj", "{0F07F81A-907F-4857-AC5C-D9906A93F841}"
EndProject
Global
	GlobalSection(SolutionConfigurationPlatforms) = preSolution
		Debug|Any CPU = Debug|Any CPU
		Release|Any CPU = Release|Any CPU
	EndGlobalSection
	GlobalSection(ProjectConfigurationPlatforms) = postSolution
		{61CE128A-CA30-488F-ABE3-92273F2734A9}.Debug|Any CPU.ActiveCfg = Debug|Any CPU
		{61CE128A-CA30-488F-ABE3-92273F2734A9}.Debug|Any CPU.Build.0 = Debug|Any CPU
		{61CE128A-CA30-488F-ABE3-92273F2734A9}.Release|Any CPU.ActiveCfg = Release|Any CPU
		{61CE128A-CA30-488F-ABE3-92273F2734A9}.Release|Any CPU.Build.0 = Release|Any CPU
		{17A8315C-F34A-4262-88F9-894646EE006A}.Debug|Any CPU.ActiveCfg = Debug|Any CPU
		{17A8315C-F34A-4262-88F9-894646EE006A}.Debug|Any CPU.Build.0 = Debug|Any CPU
		{17A8315C-F34A-4262-88F9-894646EE006A}.Release|Any CPU.ActiveCfg = Release|Any CPU
		{17A8315C-F34A-4262-88F9-894646EE006A}.Release|Any CPU.Build.0 = Release|Any CPU
		{A79B29F7-C93A-495C-B0E5-14D1260FA6BD}.Debug|Any CPU.ActiveCfg = Debug|Any CPU
		{A79B29F7-C93A-495C-B0E5-14D1260FA6BD}.Debug|Any CPU.Build.0 = Debug|Any CPU
		{A79B29F7-C93A-495C-B0E5-14D1260FA6BD}.Release|Any CPU.ActiveCfg = Release|Any CPU
		{A79B29F7-C93A-495C-B0E5-14D1260FA6BD}.Release|Any CPU.Build.0 = Release|Any CPU
		{0F07F81A-907F-4857-AC5C-D9906A93F841}.Debug|Any CPU.ActiveCfg = Debug|Any CPU
		{0F07F81A-907F-4857-AC5C-D9906A93F841}.Debug|Any CPU.Build.0 = Debug|Any CPU
		{0F07F81A-907F-4857-AC5C-D9906A93F841}.Release|Any CPU.ActiveCfg = Release|Any CPU
		{0F07F81A-907F-4857-AC5C-D9906A93F841}.Release|Any CPU.Build.0 = Release|Any CPU
	EndGlobalSection
	GlobalSection(SolutionProperties) = preSolution
		HideSolutionNode = FALSE
	EndGlobalSection
	GlobalSection(ExtensibilityGlobals) = postSolution
		SolutionGuid = {E587078B-18CC-452A-A4B8-FA12EF34C2FF}
	EndGlobalSection
EndGlobal
